
Microsoft Visual Studio Solution File, Format Version 12.00
# Visual Studio Version 16
VisualStudioVersion = 16.0.32002.261
MinimumVisualStudioVersion = 10.0.40219.1
Project("{FAE04EC0-301F-11D3-BF4B-00C04F79EFBC}") = "DataStructure_List", "DataStructure_List\DataStructure_List.csproj", "{83BAF917-8017-4833-B856-93097DAE647D}"
EndProject
Global
	GlobalSection(SolutionConfigurationPlatforms) = preSolution
		Debug|Any CPU = Debug|Any CPU
		Release|Any CPU = Release|Any CPU
	EndGlobalSection
	GlobalSection(ProjectConfigurationPlatforms) = postSolution
		{83BAF917-8017-4833-B856-93097DAE647D}.Debug|Any CPU.ActiveCfg = Debug|Any CPU
		{83BAF917-8017-4833-B856-93097DAE647D}.Debug|Any CPU.Build.0 = Debug|Any CPU
		{83BAF917-8017-4833-B856-93097DAE647D}.Release|Any CPU.ActiveCfg = Release|Any CPU
		{83BAF917-8017-4833-B856-93097DAE647D}.Release|Any CPU.Build.0 = Release|Any CPU
	EndGlobalSection
	GlobalSection(SolutionProperties) = preSolution
		HideSolutionNode = FALSE
	EndGlobalSection
	GlobalSection(ExtensibilityGlobals) = postSolution
		SolutionGuid = {25E04053-1B23-44CE-8372-AC71AEC173DC}
	EndGlobalSection
EndGlobal
