
Microsoft Visual Studio Solution File, Format Version 12.00
# Visual Studio Version 16
VisualStudioVersion = 16.0.32002.261
MinimumVisualStudioVersion = 10.0.40219.1
Project("{FAE04EC0-301F-11D3-BF4B-00C04F79EFBC}") = "IO_File_TXT", "IO_File_TXT\IO_File_TXT.csproj", "{256BA535-4A55-4704-A40A-728D2422E7F0}"
EndProject
Global
	GlobalSection(SolutionConfigurationPlatforms) = preSolution
		Debug|Any CPU = Debug|Any CPU
		Release|Any CPU = Release|Any CPU
	EndGlobalSection
	GlobalSection(ProjectConfigurationPlatforms) = postSolution
		{256BA535-4A55-4704-A40A-728D2422E7F0}.Debug|Any CPU.ActiveCfg = Debug|Any CPU
		{256BA535-4A55-4704-A40A-728D2422E7F0}.Debug|Any CPU.Build.0 = Debug|Any CPU
		{256BA535-4A55-4704-A40A-728D2422E7F0}.Release|Any CPU.ActiveCfg = Release|Any CPU
		{256BA535-4A55-4704-A40A-728D2422E7F0}.Release|Any CPU.Build.0 = Release|Any CPU
	EndGlobalSection
	GlobalSection(SolutionProperties) = preSolution
		HideSolutionNode = FALSE
	EndGlobalSection
	GlobalSection(ExtensibilityGlobals) = postSolution
		SolutionGuid = {1FA87BC1-D460-4343-A208-4E04FFE67C49}
	EndGlobalSection
EndGlobal
